
Microsoft Visual Studio Solution File, Format Version 9.00
# Visual Studio 2005
Project("{8BC9CEB8-8B4A-11D0-8D11-00A0C91BC942}") = "unary_server", "unary_server.vcproj", "{7B20A056-4049-4546-A9D1-92120BC49603}"
EndProject
Project("{8BC9CEB8-8B4A-11D0-8D11-00A0C91BC942}") = "wm_echoserver", "..\wm_echoserver\wm_echoserver.vcproj", "{CE254686-8D93-4C5A-88F1-1C181381996E}"
EndProject
Global
	GlobalSection(SolutionConfigurationPlatforms) = preSolution
		Debug|Mixed Platforms = Debug|Mixed Platforms
		Debug|Win32 = Debug|Win32
		Debug|Windows Mobile 6 Professional SDK (ARMV4I) = Debug|Windows Mobile 6 Professional SDK (ARMV4I)
		Release|Mixed Platforms = Release|Mixed Platforms
		Release|Win32 = Release|Win32
		Release|Windows Mobile 6 Professional SDK (ARMV4I) = Release|Windows Mobile 6 Professional SDK (ARMV4I)
	EndGlobalSection
	GlobalSection(ProjectConfigurationPlatforms) = postSolution
		{7B20A056-4049-4546-A9D1-92120BC49603}.Debug|Mixed Platforms.ActiveCfg = Debug|Win32
		{7B20A056-4049-4546-A9D1-92120BC49603}.Debug|Mixed Platforms.Build.0 = Debug|Win32
		{7B20A056-4049-4546-A9D1-92120BC49603}.Debug|Win32.ActiveCfg = Debug|Win32
		{7B20A056-4049-4546-A9D1-92120BC49603}.Debug|Win32.Build.0 = Debug|Win32
		{7B20A056-4049-4546-A9D1-92120BC49603}.Debug|Windows Mobile 6 Professional SDK (ARMV4I).ActiveCfg = Debug|Win32
		{7B20A056-4049-4546-A9D1-92120BC49603}.Release|Mixed Platforms.ActiveCfg = Release|Win32
		{7B20A056-4049-4546-A9D1-92120BC49603}.Release|Mixed Platforms.Build.0 = Release|Win32
		{7B20A056-4049-4546-A9D1-92120BC49603}.Release|Win32.ActiveCfg = Release|Win32
		{7B20A056-4049-4546-A9D1-92120BC49603}.Release|Win32.Build.0 = Release|Win32
		{7B20A056-4049-4546-A9D1-92120BC49603}.Release|Windows Mobile 6 Professional SDK (ARMV4I).ActiveCfg = Release|Win32
		{CE254686-8D93-4C5A-88F1-1C181381996E}.Debug|Mixed Platforms.ActiveCfg = Debug|Windows Mobile 6 Professional SDK (ARMV4I)
		{CE254686-8D93-4C5A-88F1-1C181381996E}.Debug|Mixed Platforms.Build.0 = Debug|Windows Mobile 6 Professional SDK (ARMV4I)
		{CE254686-8D93-4C5A-88F1-1C181381996E}.Debug|Mixed Platforms.Deploy.0 = Debug|Windows Mobile 6 Professional SDK (ARMV4I)
		{CE254686-8D93-4C5A-88F1-1C181381996E}.Debug|Win32.ActiveCfg = Debug|Windows Mobile 6 Professional SDK (ARMV4I)
		{CE254686-8D93-4C5A-88F1-1C181381996E}.Debug|Windows Mobile 6 Professional SDK (ARMV4I).ActiveCfg = Debug|Windows Mobile 6 Professional SDK (ARMV4I)
		{CE254686-8D93-4C5A-88F1-1C181381996E}.Debug|Windows Mobile 6 Professional SDK (ARMV4I).Build.0 = Debug|Windows Mobile 6 Professional SDK (ARMV4I)
		{CE254686-8D93-4C5A-88F1-1C181381996E}.Debug|Windows Mobile 6 Professional SDK (ARMV4I).Deploy.0 = Debug|Windows Mobile 6 Professional SDK (ARMV4I)
		{CE254686-8D93-4C5A-88F1-1C181381996E}.Release|Mixed Platforms.ActiveCfg = Release|Windows Mobile 6 Professional SDK (ARMV4I)
		{CE254686-8D93-4C5A-88F1-1C181381996E}.Release|Mixed Platforms.Build.0 = Release|Windows Mobile 6 Professional SDK (ARMV4I)
		{CE254686-8D93-4C5A-88F1-1C181381996E}.Release|Mixed Platforms.Deploy.0 = Release|Windows Mobile 6 Professional SDK (ARMV4I)
		{CE254686-8D93-4C5A-88F1-1C181381996E}.Release|Win32.ActiveCfg = Release|Windows Mobile 6 Professional SDK (ARMV4I)
		{CE254686-8D93-4C5A-88F1-1C181381996E}.Release|Windows Mobile 6 Professional SDK (ARMV4I).ActiveCfg = Release|Windows Mobile 6 Professional SDK (ARMV4I)
		{CE254686-8D93-4C5A-88F1-1C181381996E}.Release|Windows Mobile 6 Professional SDK (ARMV4I).Build.0 = Release|Windows Mobile 6 Professional SDK (ARMV4I)
		{CE254686-8D93-4C5A-88F1-1C181381996E}.Release|Windows Mobile 6 Professional SDK (ARMV4I).Deploy.0 = Release|Windows Mobile 6 Professional SDK (ARMV4I)
	EndGlobalSection
	GlobalSection(SolutionProperties) = preSolution
		HideSolutionNode = FALSE
	EndGlobalSection
EndGlobal
